{
  "name": "check-bestlibrary",
  "version": "1.0.0",
  "lockfileVersion": 2,
  "requires": true,
  "packages": {
    "": {
      "name": "check-bestlibrary",
      "version": "1.0.0",
      "license": "ISC",
      "dependencies": {
        "@lekseff/bestlibrary": "^1.0.0"
      }
    },
    "node_modules/@lekseff/bestlibrary": {
      "version": "1.0.0",
      "resolved": "https://npm.pkg.github.com/download/@lekseff/bestlibrary/1.0.0/7383f8bcd68c7a95b2ce3a42d916a7b5f7bfd8ff1571e85adfea014fe8e88cbe",
      "integrity": "sha512-qZElenfBaZ5Aocf6Nt9hmQJtrCQgTWGkuusWko9yCtPxTnMU9466QxVkEi408YbXH+ipmPTo6o+R+ol2OdLLaQ==",
      "license": "ISC"
    }
  },
  "dependencies": {
    "@lekseff/bestlibrary": {
      "version": "1.0.0",
      "resolved": "https://npm.pkg.github.com/download/@lekseff/bestlibrary/1.0.0/7383f8bcd68c7a95b2ce3a42d916a7b5f7bfd8ff1571e85adfea014fe8e88cbe",
      "integrity": "sha512-qZElenfBaZ5Aocf6Nt9hmQJtrCQgTWGkuusWko9yCtPxTnMU9466QxVkEi408YbXH+ipmPTo6o+R+ol2OdLLaQ=="
    }
  }
}
